// !$*UTF8*$!
{
	archiveVersion = 1;
	classes = {
	};
	objectVersion = 46;
	objects = {

/* Begin PBXBuildFile section */
		871611E902AF18AB00000000 /* AppDelegate.swift in Prozer */ = {isa = PBXBuildFile; fileRef = 96184D8F02AF18AB00000000 /* AppDelegate.swift */; };
		871611E97F744EA500000000 /* ViewController.swift in Prozer */ = {isa = PBXBuildFile; fileRef = 96184D8F7F744EA500000000 /* ViewController.swift */; };
/* End PBXBuildFile section */

/* Begin PBXContainerItemProxy section */
		019679A5D5CF3B7100000000 /* PBXContainerItemProxy */ = {
			isa = PBXContainerItemProxy;
			containerPortal = 29D9DE954089D1FC00000000 /* Project object */;
			proxyType = 1;
			remoteGlobalIDString = FCBB0E85D5CF3B7000000000;
		};
/* End PBXContainerItemProxy section */

/* Begin PBXFileReference section */
		96184D8F02AF18AB00000000 /* AppDelegate.swift */ = {isa = PBXFileReference; lastKnownFileType = sourcecode.swift; name = AppDelegate.swift; path = Prozer/AppDelegate.swift; sourceTree = "<group>"; };
		96184D8F4234FFF000000000 /* _idx_App_Classes_0D930969_ios_min12.0.framework */ = {isa = PBXFileReference; explicitFileType = wrapper.framework; name = _idx_App_Classes_0D930969_ios_min12.0.framework; path = _idx_App_Classes_0D930969_ios_min12.0.framework; sourceTree = BUILT_PRODUCTS_DIR; };
		96184D8F491EC57E00000000 /* LaunchScreen.storyboard */ = {isa = PBXFileReference; lastKnownFileType = file.storyboard; name = LaunchScreen.storyboard; path = Prozer/LaunchScreen.storyboard; sourceTree = "<group>"; };
		96184D8F77012A6400000000 /* Prozer.app */ = {isa = PBXFileReference; explicitFileType = wrapper.application; name = Prozer.app; path = Prozer.app; sourceTree = BUILT_PRODUCTS_DIR; };
		96184D8F7F744EA500000000 /* ViewController.swift */ = {isa = PBXFileReference; lastKnownFileType = sourcecode.swift; name = ViewController.swift; path = Prozer/ViewController.swift; sourceTree = "<group>"; };
		96184D8F8F39CF8A00000000 /* Assets.xcassets */ = {isa = PBXFileReference; lastKnownFileType = folder.assetcatalog; name = Assets.xcassets; path = Prozer/Assets.xcassets; sourceTree = "<group>"; };
		96184D8FA44F16FC00000000 /* Info.plist */ = {isa = PBXFileReference; lastKnownFileType = text.plist; name = Info.plist; path = Prozer/Info.plist; sourceTree = "<group>"; };
		96184D8FCB1A0CB100000000 /* BUILD */ = {isa = PBXFileReference; lastKnownFileType = text; name = BUILD; path = Prozer/BUILD; sourceTree = "<group>"; xcLanguageSpecificationIdentifier = xcode.lang.python; };
		96184D8FF5E7875A00000000 /* Info.plist */ = {isa = PBXFileReference; explicitFileType = text.plist; name = Info.plist; path = "tulsi-workspace/bazel-tulsi-includes/x/x/Prozer/Prozer-intermediates/Info.plist"; sourceTree = "<group>"; };
/* End PBXFileReference section */

/* Begin PBXGroup section */
		9144E2243653248000000000 /* x */ = {
			isa = PBXGroup;
			children = (
				9144E2243653248000000001 /* x */,
			);
			name = x;
			sourceTree = "<group>";
		};
		9144E2243653248000000001 /* x */ = {
			isa = PBXGroup;
			children = (
				9144E2244089D1FC00000000 /* Prozer */,
			);
			name = x;
			sourceTree = "<group>";
		};
		9144E2243A733F8800000000 /* mainGroup */ = {
			isa = PBXGroup;
			children = (
				9144E2247590200200000000 /* Products */,
				9144E2244089D1FC00000001 /* Prozer */,
			);
			name = mainGroup;
			sourceTree = SOURCE_ROOT;
		};
		9144E2243B7F32EF00000000 /* bazel-tulsi-includes */ = {
			isa = PBXGroup;
			children = (
				9144E2243653248000000000 /* x */,
			);
			name = "bazel-tulsi-includes";
			sourceTree = "<group>";
		};
		9144E2244089D1FC00000000 /* Prozer */ = {
			isa = PBXGroup;
			children = (
				9144E224C95E234A00000000 /* Prozer-intermediates */,
			);
			name = Prozer;
			sourceTree = "<group>";
		};
		9144E2244089D1FC00000001 /* Prozer */ = {
			isa = PBXGroup;
			children = (
				96184D8F02AF18AB00000000 /* AppDelegate.swift */,
				96184D8F8F39CF8A00000000 /* Assets.xcassets */,
				96184D8FCB1A0CB100000000 /* BUILD */,
				96184D8FA44F16FC00000000 /* Info.plist */,
				96184D8F491EC57E00000000 /* LaunchScreen.storyboard */,
				96184D8F7F744EA500000000 /* ViewController.swift */,
			);
			name = Prozer;
			sourceTree = "<group>";
		};
		9144E2246379D0FE00000000 /* Indexer */ = {
			isa = PBXGroup;
			children = (
				96184D8F4234FFF000000000 /* _idx_App_Classes_0D930969_ios_min12.0.framework */,
			);
			name = Indexer;
			sourceTree = "<group>";
		};
		9144E2247590200200000000 /* Products */ = {
			isa = PBXGroup;
			children = (
				9144E2246379D0FE00000000 /* Indexer */,
				96184D8F77012A6400000000 /* Prozer.app */,
				9144E2243B7F32EF00000000 /* bazel-tulsi-includes */,
			);
			name = Products;
			sourceTree = "<group>";
		};
		9144E224C95E234A00000000 /* Prozer-intermediates */ = {
			isa = PBXGroup;
			children = (
				96184D8FF5E7875A00000000 /* Info.plist */,
			);
			name = "Prozer-intermediates";
			sourceTree = "<group>";
		};
/* End PBXGroup section */

/* Begin PBXLegacyTarget section */
		FCBB0E85D5CF3B7000000000 /* _bazel_clean_ */ = {
			isa = PBXLegacyTarget;
			buildArgumentsString = "\"/usr/local/bin/bazel\" \"bazel-bin\"";
			buildConfigurationList = 11465DCA90E914A300000000 /* Build configuration list for PBXLegacyTarget "_bazel_clean_" */;
			buildPhases = (
			);
			buildToolPath = "${PROJECT_FILE_PATH}/.tulsi/Scripts/bazel_clean.sh";
			buildWorkingDirectory = "";
			dependencies = (
			);
			name = _bazel_clean_;
			passBuildSettingsInEnvironment = 1;
			productName = _bazel_clean_;
		};
/* End PBXLegacyTarget section */

/* Begin PBXNativeTarget section */
		D23AB3C80D92671600000000 /* _idx_App_Classes_0D930969_ios_min12.0 */ = {
			isa = PBXNativeTarget;
			buildConfigurationList = 11465DCAC82518A100000000 /* Build configuration list for PBXNativeTarget "_idx_App_Classes_0D930969_ios_min12.0" */;
			buildPhases = (
				ECDFD6E80000000000000000 /* Sources */,
			);
			buildRules = (
			);
			dependencies = (
				C0B4FB4DD5CF3B7100000000 /* PBXTargetDependency */,
			);
			name = _idx_App_Classes_0D930969_ios_min12.0;
			productName = _idx_App_Classes_0D930969_ios_min12.0;
			productReference = 96184D8F4234FFF000000000 /* _idx_App_Classes_0D930969_ios_min12.0.framework */;
			productType = "com.apple.product-type.framework";
		};
		D23AB3C88113A3F800000000 /* Prozer */ = {
			isa = PBXNativeTarget;
			buildConfigurationList = 11465DCAAAF5DAC100000000 /* Build configuration list for PBXNativeTarget "Prozer" */;
			buildPhases = (
				28A79C717D54042C00000000 /* ShellScript */,
			);
			buildRules = (
			);
			dependencies = (
				C0B4FB4DD5CF3B7100000000 /* PBXTargetDependency */,
			);
			name = Prozer;
			productName = Prozer;
			productReference = 96184D8F77012A6400000000 /* Prozer.app */;
			productType = "com.apple.product-type.application";
		};
/* End PBXNativeTarget section */

/* Begin PBXProject section */
		29D9DE954089D1FC00000000 /* Project object */ = {
			isa = PBXProject;
			attributes = {
				LastSwiftUpdateCheck = 0710;
				LastUpgradeCheck = 1000;
			};
			buildConfigurationList = 11465DCA0707763700000000 /* Build configuration list for PBXProject "Prozer" */;
			compatibilityVersion = "Xcode 3.2";
			developmentRegion = English;
			hasScannedForEncodings = 0;
			knownRegions = (
				en,
			);
			mainGroup = 9144E2243A733F8800000000 /* mainGroup */;
			targets = (
				D23AB3C88113A3F800000000 /* Prozer */,
				FCBB0E85D5CF3B7000000000 /* _bazel_clean_ */,
				D23AB3C80D92671600000000 /* _idx_App_Classes_0D930969_ios_min12.0 */,
			);
		};
/* End PBXProject section */

/* Begin PBXShellScriptBuildPhase section */
		28A79C717D54042C00000000 /* ShellScript */ = {
			isa = PBXShellScriptBuildPhase;
			buildActionMask = 0;
			files = (
			);
			inputPaths = (
				"$(TARGET_BUILD_DIR)/$(INFOPLIST_PATH)",
			);
			outputPaths = (
			);
			runOnlyForDeploymentPostprocessing = 0;
			shellPath = /bin/bash;
			shellScript = "set -e\n\nexec \"${PROJECT_FILE_PATH}/.tulsi/Scripts/bazel_build.py\" //Prozer:Prozer --bazel \"/usr/local/bin/bazel\" --bazel_bin_path \"bazel-bin\" --verbose ";
			showEnvVarsInLog = 1;
		};
/* End PBXShellScriptBuildPhase section */

/* Begin PBXSourcesBuildPhase section */
		ECDFD6E80000000000000000 /* Sources */ = {
			isa = PBXSourcesBuildPhase;
			buildActionMask = 0;
			files = (
				871611E902AF18AB00000000 /* AppDelegate.swift in Prozer */,
				871611E97F744EA500000000 /* ViewController.swift in Prozer */,
			);
			runOnlyForDeploymentPostprocessing = 0;
		};
/* End PBXSourcesBuildPhase section */

/* Begin PBXTargetDependency section */
		C0B4FB4DD5CF3B7100000000 /* PBXTargetDependency */ = {
			isa = PBXTargetDependency;
			targetProxy = 019679A5D5CF3B7100000000 /* PBXContainerItemProxy */;
		};
/* End PBXTargetDependency section */

/* Begin XCBuildConfiguration section */
		B0BD508F0916CB1100000000 /* __TulsiTestRunner_Debug */ = {
			isa = XCBuildConfiguration;
			buildSettings = {
				ALWAYS_SEARCH_USER_PATHS = NO;
				CLANG_CXX_LANGUAGE_STANDARD = "gnu++17";
				CLANG_ENABLE_OBJC_ARC = YES;
				CLANG_WARN_BOOL_CONVERSION = YES;
				CLANG_WARN_CONSTANT_CONVERSION = YES;
				CLANG_WARN_EMPTY_BODY = YES;
				CLANG_WARN_ENUM_CONVERSION = YES;
				CLANG_WARN_INT_CONVERSION = YES;
				CLANG_WARN_UNREACHABLE_CODE = YES;
				CLANG_WARN__DUPLICATE_METHOD_MATCH = YES;
				CODE_SIGNING_REQUIRED = NO;
				CODE_SIGN_IDENTITY = "";
				DONT_RUN_SWIFT_STDLIB_TOOL = YES;
				ENABLE_TESTABILITY = YES;
				FRAMEWORK_SEARCH_PATHS = "";
				GCC_PREPROCESSOR_DEFINITIONS = "DEBUG=1";
				GCC_WARN_64_TO_32_BIT_CONVERSION = YES;
				GCC_WARN_ABOUT_RETURN_TYPE = YES;
				GCC_WARN_UNDECLARED_SELECTOR = YES;
				GCC_WARN_UNINITIALIZED_AUTOS = YES;
				GCC_WARN_UNUSED_FUNCTION = YES;
				GCC_WARN_UNUSED_VARIABLE = YES;
				HEADER_SEARCH_PATHS = "";
				ONLY_ACTIVE_ARCH = YES;
				OTHER_CFLAGS = "--version";
				OTHER_LDFLAGS = "--version";
				OTHER_SWIFT_FLAGS = "--version";
				PYTHONIOENCODING = utf8;
				SDKROOT = iphoneos;
				SWIFT_INSTALL_OBJC_HEADER = NO;
				SWIFT_OBJC_INTERFACE_HEADER_NAME = "$(PRODUCT_NAME).h";
				SWIFT_VERSION = 5.4;
				TULSI_BWRS = "$(PROJECT_FILE_PATH)/.tulsi/tulsi-workspace";
				TULSI_LLDBINIT_FILE = "$(PROJECT_FILE_PATH)/.tulsi/Utils/lldbinit";
				TULSI_PROJECT = Prozer;
				TULSI_VERSION = 0.20210318.88;
				TULSI_WR = "$(SRCROOT)";
			};
			name = __TulsiTestRunner_Debug;
		};
		B0BD508F0916CB1100000001 /* __TulsiTestRunner_Debug */ = {
			isa = XCBuildConfiguration;
			buildSettings = {
				ASSETCATALOG_COMPILER_LAUNCHIMAGE_NAME = "Stub Launch Image";
				BAZEL_TARGET = "//Prozer:Prozer";
				DEBUG_INFORMATION_FORMAT = dwarf;
				FRAMEWORK_SEARCH_PATHS = "";
				GCC_PREPROCESSOR_DEFINITIONS = "DEBUG=1";
				HEADER_SEARCH_PATHS = "";
				INFOPLIST_FILE = "${PROJECT_FILE_PATH}/.tulsi/Resources/StubInfoPlist.plist";
				IPHONEOS_DEPLOYMENT_TARGET = 12.0;
				ONLY_ACTIVE_ARCH = YES;
				OTHER_CFLAGS = "--version";
				OTHER_LDFLAGS = "--version";
				OTHER_SWIFT_FLAGS = "--version";
				PRODUCT_BUNDLE_IDENTIFIER = dev.josbach.prozer;
				PRODUCT_NAME = Prozer;
				SDKROOT = iphoneos;
				SWIFT_INSTALL_OBJC_HEADER = NO;
				SWIFT_OBJC_INTERFACE_HEADER_NAME = "$(PRODUCT_NAME).h";
				TULSI_BUILD_PATH = Prozer;
				TULSI_XCODE_VERSION = 12.5.1.12E507;
			};
			name = __TulsiTestRunner_Debug;
		};
		B0BD508F31C9C5E000000000 /* __TulsiTestRunner_Release */ = {
			isa = XCBuildConfiguration;
			buildSettings = {
				ALWAYS_SEARCH_USER_PATHS = NO;
				CLANG_CXX_LANGUAGE_STANDARD = "gnu++17";
				CLANG_ENABLE_OBJC_ARC = YES;
				CLANG_WARN_BOOL_CONVERSION = YES;
				CLANG_WARN_CONSTANT_CONVERSION = YES;
				CLANG_WARN_EMPTY_BODY = YES;
				CLANG_WARN_ENUM_CONVERSION = YES;
				CLANG_WARN_INT_CONVERSION = YES;
				CLANG_WARN_UNREACHABLE_CODE = YES;
				CLANG_WARN__DUPLICATE_METHOD_MATCH = YES;
				CODE_SIGNING_REQUIRED = NO;
				CODE_SIGN_IDENTITY = "";
				DONT_RUN_SWIFT_STDLIB_TOOL = YES;
				ENABLE_TESTABILITY = YES;
				FRAMEWORK_SEARCH_PATHS = "";
				GCC_PREPROCESSOR_DEFINITIONS = "NDEBUG=1";
				GCC_WARN_64_TO_32_BIT_CONVERSION = YES;
				GCC_WARN_ABOUT_RETURN_TYPE = YES;
				GCC_WARN_UNDECLARED_SELECTOR = YES;
				GCC_WARN_UNINITIALIZED_AUTOS = YES;
				GCC_WARN_UNUSED_FUNCTION = YES;
				GCC_WARN_UNUSED_VARIABLE = YES;
				HEADER_SEARCH_PATHS = "";
				ONLY_ACTIVE_ARCH = YES;
				OTHER_CFLAGS = "--version";
				OTHER_LDFLAGS = "--version";
				OTHER_SWIFT_FLAGS = "--version";
				PYTHONIOENCODING = utf8;
				SDKROOT = iphoneos;
				SWIFT_INSTALL_OBJC_HEADER = NO;
				SWIFT_OBJC_INTERFACE_HEADER_NAME = "$(PRODUCT_NAME).h";
				SWIFT_VERSION = 5.4;
				TULSI_BWRS = "$(PROJECT_FILE_PATH)/.tulsi/tulsi-workspace";
				TULSI_LLDBINIT_FILE = "$(PROJECT_FILE_PATH)/.tulsi/Utils/lldbinit";
				TULSI_PROJECT = Prozer;
				TULSI_VERSION = 0.20210318.88;
				TULSI_WR = "$(SRCROOT)";
			};
			name = __TulsiTestRunner_Release;
		};
		B0BD508F31C9C5E000000001 /* __TulsiTestRunner_Release */ = {
			isa = XCBuildConfiguration;
			buildSettings = {
				ASSETCATALOG_COMPILER_LAUNCHIMAGE_NAME = "Stub Launch Image";
				BAZEL_TARGET = "//Prozer:Prozer";
				DEBUG_INFORMATION_FORMAT = dwarf;
				FRAMEWORK_SEARCH_PATHS = "";
				GCC_PREPROCESSOR_DEFINITIONS = "NDEBUG=1";
				HEADER_SEARCH_PATHS = "";
				INFOPLIST_FILE = "${PROJECT_FILE_PATH}/.tulsi/Resources/StubInfoPlist.plist";
				IPHONEOS_DEPLOYMENT_TARGET = 12.0;
				ONLY_ACTIVE_ARCH = YES;
				OTHER_CFLAGS = "--version";
				OTHER_LDFLAGS = "--version";
				OTHER_SWIFT_FLAGS = "--version";
				PRODUCT_BUNDLE_IDENTIFIER = dev.josbach.prozer;
				PRODUCT_NAME = Prozer;
				SDKROOT = iphoneos;
				SWIFT_INSTALL_OBJC_HEADER = NO;
				SWIFT_OBJC_INTERFACE_HEADER_NAME = "$(PRODUCT_NAME).h";
				TULSI_BUILD_PATH = Prozer;
				TULSI_XCODE_VERSION = 12.5.1.12E507;
			};
			name = __TulsiTestRunner_Release;
		};
		B0BD508F3E88EFDD00000000 /* Release */ = {
			isa = XCBuildConfiguration;
			buildSettings = {
				ALWAYS_SEARCH_USER_PATHS = NO;
				CLANG_CXX_LANGUAGE_STANDARD = "gnu++17";
				CLANG_ENABLE_OBJC_ARC = YES;
				CLANG_WARN_BOOL_CONVERSION = YES;
				CLANG_WARN_CONSTANT_CONVERSION = YES;
				CLANG_WARN_EMPTY_BODY = YES;
				CLANG_WARN_ENUM_CONVERSION = YES;
				CLANG_WARN_INT_CONVERSION = YES;
				CLANG_WARN_UNREACHABLE_CODE = YES;
				CLANG_WARN__DUPLICATE_METHOD_MATCH = YES;
				CODE_SIGNING_REQUIRED = NO;
				CODE_SIGN_IDENTITY = "";
				DONT_RUN_SWIFT_STDLIB_TOOL = YES;
				ENABLE_TESTABILITY = YES;
				FRAMEWORK_SEARCH_PATHS = "$(PLATFORM_DIR)/Developer/Library/Frameworks";
				GCC_PREPROCESSOR_DEFINITIONS = "NDEBUG=1";
				GCC_WARN_64_TO_32_BIT_CONVERSION = YES;
				GCC_WARN_ABOUT_RETURN_TYPE = YES;
				GCC_WARN_UNDECLARED_SELECTOR = YES;
				GCC_WARN_UNINITIALIZED_AUTOS = YES;
				GCC_WARN_UNUSED_FUNCTION = YES;
				GCC_WARN_UNUSED_VARIABLE = YES;
				HEADER_SEARCH_PATHS = "$(TULSI_BWRS) $(TULSI_WR)/bazel-bin $(TULSI_WR)/bazel-genfiles $(TULSI_BWRS)/bazel-tulsi-includes/x/x";
				ONLY_ACTIVE_ARCH = YES;
				PYTHONIOENCODING = utf8;
				SDKROOT = iphoneos;
				SWIFT_VERSION = 5.4;
				TULSI_BWRS = "$(PROJECT_FILE_PATH)/.tulsi/tulsi-workspace";
				TULSI_LLDBINIT_FILE = "$(PROJECT_FILE_PATH)/.tulsi/Utils/lldbinit";
				TULSI_PROJECT = Prozer;
				TULSI_VERSION = 0.20210318.88;
				TULSI_WR = "$(SRCROOT)";
			};
			name = Release;
		};
		B0BD508F3E88EFDD00000001 /* Release */ = {
			isa = XCBuildConfiguration;
			buildSettings = {
				ASSETCATALOG_COMPILER_LAUNCHIMAGE_NAME = "Stub Launch Image";
				BAZEL_TARGET = "//Prozer:Prozer";
				DEBUG_INFORMATION_FORMAT = dwarf;
				GCC_PREPROCESSOR_DEFINITIONS = "NDEBUG=1";
				INFOPLIST_FILE = "${PROJECT_FILE_PATH}/.tulsi/Resources/StubInfoPlist.plist";
				IPHONEOS_DEPLOYMENT_TARGET = 12.0;
				PRODUCT_BUNDLE_IDENTIFIER = dev.josbach.prozer;
				PRODUCT_NAME = Prozer;
				SDKROOT = iphoneos;
				TULSI_BUILD_PATH = Prozer;
				TULSI_XCODE_VERSION = 12.5.1.12E507;
			};
			name = Release;
		};
		B0BD508F3E88EFDD00000002 /* Release */ = {
			isa = XCBuildConfiguration;
			buildSettings = {
				GCC_PREPROCESSOR_DEFINITIONS = "NDEBUG=1";
				HEADER_SEARCH_PATHS = "$(inherited) $(TULSI_BWRS)/bazel-tulsi-includes/x/x/ $(TULSI_WR)/Vendor/Texture/pod_support/Headers/Public $(TULSI_WR)/. ";
				IPHONEOS_DEPLOYMENT_TARGET = 12.0;
				OTHER_CFLAGS = "-D_FORTIFY_SOURCE=1 -D__DATE__=\"redacted\" -D__TIMESTAMP__=\"redacted\" -D__TIME__=\"redacted\"";
				OTHER_SWIFT_FLAGS = "$(inherited) -Xcc -fmodule-map-file=$(TULSI_BWRS)/bazel-tulsi-includes/x/x/Vendor/Texture/Core.modulemaps/module.modulemap -Xcc -fmodule-map-file=$(TULSI_BWRS)/bazel-tulsi-includes/x/x/Vendor/Texture/AssetsLibrary.modulemaps/module.modulemap -Xcc -fmodule-map-file=$(TULSI_BWRS)/bazel-tulsi-includes/x/x/Vendor/Texture/MapKit.modulemaps/module.modulemap -Xcc -fmodule-map-file=$(TULSI_BWRS)/bazel-tulsi-includes/x/x/Vendor/PINOperation/PINOperation_cxx.modulemaps/module.modulemap -Xcc -fmodule-map-file=$(TULSI_BWRS)/bazel-tulsi-includes/x/x/Vendor/PINOperation/PINOperation.modulemaps/module.modulemap -Xcc -fmodule-map-file=$(TULSI_BWRS)/bazel-tulsi-includes/x/x/Vendor/PINCache/Core.modulemaps/module.modulemap -Xcc -fmodule-map-file=$(TULSI_BWRS)/bazel-tulsi-includes/x/x/Vendor/PINCache/Arc-exception-safe.modulemaps/module.modulemap -Xcc -fmodule-map-file=$(TULSI_BWRS)/bazel-tulsi-includes/x/x/Vendor/PINCache/PINCache.modulemaps/module.modulemap -Xcc -fmodule-map-file=$(TULSI_BWRS)/bazel-tulsi-includes/x/x/Vendor/PINRemoteImage/Core.modulemaps/module.modulemap -Xcc -fmodule-map-file=$(TULSI_BWRS)/bazel-tulsi-includes/x/x/Vendor/PINRemoteImage/PINCache.modulemaps/module.modulemap -Xcc -fmodule-map-file=$(TULSI_BWRS)/bazel-tulsi-includes/x/x/Vendor/PINRemoteImage/iOS.modulemaps/module.modulemap -Xcc -fmodule-map-file=$(TULSI_BWRS)/bazel-tulsi-includes/x/x/Vendor/Texture/PINRemoteImage.modulemaps/module.modulemap -Xcc -fmodule-map-file=$(TULSI_BWRS)/bazel-tulsi-includes/x/x/Vendor/Texture/Photos.modulemaps/module.modulemap -Xcc -fmodule-map-file=$(TULSI_BWRS)/bazel-tulsi-includes/x/x/Vendor/Texture/Video.modulemaps/module.modulemap -Xcc -fmodule-map-file=$(TULSI_BWRS)/bazel-tulsi-includes/x/x/Vendor/Texture/Texture.modulemaps/module.modulemap";
				PRODUCT_NAME = _idx_App_Classes_0D930969_ios_min12.0;
				SDKROOT = iphoneos;
				SWIFT_INCLUDE_PATHS = "$(inherited) $(TULSI_BWRS)/bazel-tulsi-includes/x/x/Prozer";
			};
			name = Release;
		};
		B0BD508F6F00189100000000 /* Debug */ = {
			isa = XCBuildConfiguration;
			buildSettings = {
				ALWAYS_SEARCH_USER_PATHS = NO;
				CLANG_CXX_LANGUAGE_STANDARD = "gnu++17";
				CLANG_ENABLE_OBJC_ARC = YES;
				CLANG_WARN_BOOL_CONVERSION = YES;
				CLANG_WARN_CONSTANT_CONVERSION = YES;
				CLANG_WARN_EMPTY_BODY = YES;
				CLANG_WARN_ENUM_CONVERSION = YES;
				CLANG_WARN_INT_CONVERSION = YES;
				CLANG_WARN_UNREACHABLE_CODE = YES;
				CLANG_WARN__DUPLICATE_METHOD_MATCH = YES;
				CODE_SIGNING_REQUIRED = NO;
				CODE_SIGN_IDENTITY = "";
				DONT_RUN_SWIFT_STDLIB_TOOL = YES;
				ENABLE_TESTABILITY = YES;
				FRAMEWORK_SEARCH_PATHS = "$(PLATFORM_DIR)/Developer/Library/Frameworks";
				GCC_PREPROCESSOR_DEFINITIONS = "DEBUG=1";
				GCC_WARN_64_TO_32_BIT_CONVERSION = YES;
				GCC_WARN_ABOUT_RETURN_TYPE = YES;
				GCC_WARN_UNDECLARED_SELECTOR = YES;
				GCC_WARN_UNINITIALIZED_AUTOS = YES;
				GCC_WARN_UNUSED_FUNCTION = YES;
				GCC_WARN_UNUSED_VARIABLE = YES;
				HEADER_SEARCH_PATHS = "$(TULSI_BWRS) $(TULSI_WR)/bazel-bin $(TULSI_WR)/bazel-genfiles $(TULSI_BWRS)/bazel-tulsi-includes/x/x";
				ONLY_ACTIVE_ARCH = YES;
				PYTHONIOENCODING = utf8;
				SDKROOT = iphoneos;
				SWIFT_VERSION = 5.4;
				TULSI_BWRS = "$(PROJECT_FILE_PATH)/.tulsi/tulsi-workspace";
				TULSI_LLDBINIT_FILE = "$(PROJECT_FILE_PATH)/.tulsi/Utils/lldbinit";
				TULSI_PROJECT = Prozer;
				TULSI_VERSION = 0.20210318.88;
				TULSI_WR = "$(SRCROOT)";
			};
			name = Debug;
		};
		B0BD508F6F00189100000001 /* Debug */ = {
			isa = XCBuildConfiguration;
			buildSettings = {
				ASSETCATALOG_COMPILER_LAUNCHIMAGE_NAME = "Stub Launch Image";
				BAZEL_TARGET = "//Prozer:Prozer";
				DEBUG_INFORMATION_FORMAT = dwarf;
				GCC_PREPROCESSOR_DEFINITIONS = "DEBUG=1";
				INFOPLIST_FILE = "${PROJECT_FILE_PATH}/.tulsi/Resources/StubInfoPlist.plist";
				IPHONEOS_DEPLOYMENT_TARGET = 12.0;
				PRODUCT_BUNDLE_IDENTIFIER = dev.josbach.prozer;
				PRODUCT_NAME = Prozer;
				SDKROOT = iphoneos;
				TULSI_BUILD_PATH = Prozer;
				TULSI_XCODE_VERSION = 12.5.1.12E507;
			};
			name = Debug;
		};
		B0BD508F6F00189100000002 /* Debug */ = {
			isa = XCBuildConfiguration;
			buildSettings = {
				GCC_PREPROCESSOR_DEFINITIONS = "DEBUG=1";
				HEADER_SEARCH_PATHS = "$(inherited) $(TULSI_BWRS)/bazel-tulsi-includes/x/x/ $(TULSI_WR)/Vendor/Texture/pod_support/Headers/Public $(TULSI_WR)/. ";
				IPHONEOS_DEPLOYMENT_TARGET = 12.0;
				OTHER_CFLAGS = "-D_FORTIFY_SOURCE=1 -D__DATE__=\"redacted\" -D__TIMESTAMP__=\"redacted\" -D__TIME__=\"redacted\"";
				OTHER_SWIFT_FLAGS = "$(inherited) -Xcc -fmodule-map-file=$(TULSI_BWRS)/bazel-tulsi-includes/x/x/Vendor/Texture/Core.modulemaps/module.modulemap -Xcc -fmodule-map-file=$(TULSI_BWRS)/bazel-tulsi-includes/x/x/Vendor/Texture/AssetsLibrary.modulemaps/module.modulemap -Xcc -fmodule-map-file=$(TULSI_BWRS)/bazel-tulsi-includes/x/x/Vendor/Texture/MapKit.modulemaps/module.modulemap -Xcc -fmodule-map-file=$(TULSI_BWRS)/bazel-tulsi-includes/x/x/Vendor/PINOperation/PINOperation_cxx.modulemaps/module.modulemap -Xcc -fmodule-map-file=$(TULSI_BWRS)/bazel-tulsi-includes/x/x/Vendor/PINOperation/PINOperation.modulemaps/module.modulemap -Xcc -fmodule-map-file=$(TULSI_BWRS)/bazel-tulsi-includes/x/x/Vendor/PINCache/Core.modulemaps/module.modulemap -Xcc -fmodule-map-file=$(TULSI_BWRS)/bazel-tulsi-includes/x/x/Vendor/PINCache/Arc-exception-safe.modulemaps/module.modulemap -Xcc -fmodule-map-file=$(TULSI_BWRS)/bazel-tulsi-includes/x/x/Vendor/PINCache/PINCache.modulemaps/module.modulemap -Xcc -fmodule-map-file=$(TULSI_BWRS)/bazel-tulsi-includes/x/x/Vendor/PINRemoteImage/Core.modulemaps/module.modulemap -Xcc -fmodule-map-file=$(TULSI_BWRS)/bazel-tulsi-includes/x/x/Vendor/PINRemoteImage/PINCache.modulemaps/module.modulemap -Xcc -fmodule-map-file=$(TULSI_BWRS)/bazel-tulsi-includes/x/x/Vendor/PINRemoteImage/iOS.modulemaps/module.modulemap -Xcc -fmodule-map-file=$(TULSI_BWRS)/bazel-tulsi-includes/x/x/Vendor/Texture/PINRemoteImage.modulemaps/module.modulemap -Xcc -fmodule-map-file=$(TULSI_BWRS)/bazel-tulsi-includes/x/x/Vendor/Texture/Photos.modulemaps/module.modulemap -Xcc -fmodule-map-file=$(TULSI_BWRS)/bazel-tulsi-includes/x/x/Vendor/Texture/Video.modulemaps/module.modulemap -Xcc -fmodule-map-file=$(TULSI_BWRS)/bazel-tulsi-includes/x/x/Vendor/Texture/Texture.modulemaps/module.modulemap";
				PRODUCT_NAME = _idx_App_Classes_0D930969_ios_min12.0;
				SDKROOT = iphoneos;
				SWIFT_INCLUDE_PATHS = "$(inherited) $(TULSI_BWRS)/bazel-tulsi-includes/x/x/Prozer";
			};
			name = Debug;
		};
/* End XCBuildConfiguration section */

/* Begin XCConfigurationList section */
		11465DCA0707763700000000 /* Build configuration list for PBXProject "Prozer" */ = {
			isa = XCConfigurationList;
			buildConfigurations = (
				B0BD508F6F00189100000000 /* Debug */,
				B0BD508F3E88EFDD00000000 /* Release */,
				B0BD508F0916CB1100000000 /* __TulsiTestRunner_Debug */,
				B0BD508F31C9C5E000000000 /* __TulsiTestRunner_Release */,
			);
			defaultConfigurationIsVisible = 0;
		};
		11465DCA90E914A300000000 /* Build configuration list for PBXLegacyTarget "_bazel_clean_" */ = {
			isa = XCConfigurationList;
			buildConfigurations = (
			);
			defaultConfigurationIsVisible = 0;
		};
		11465DCAAAF5DAC100000000 /* Build configuration list for PBXNativeTarget "Prozer" */ = {
			isa = XCConfigurationList;
			buildConfigurations = (
				B0BD508F6F00189100000001 /* Debug */,
				B0BD508F3E88EFDD00000001 /* Release */,
				B0BD508F0916CB1100000001 /* __TulsiTestRunner_Debug */,
				B0BD508F31C9C5E000000001 /* __TulsiTestRunner_Release */,
			);
			defaultConfigurationIsVisible = 0;
		};
		11465DCAC82518A100000000 /* Build configuration list for PBXNativeTarget "_idx_App_Classes_0D930969_ios_min12.0" */ = {
			isa = XCConfigurationList;
			buildConfigurations = (
				B0BD508F6F00189100000002 /* Debug */,
				B0BD508F3E88EFDD00000002 /* Release */,
			);
			defaultConfigurationIsVisible = 0;
		};
/* End XCConfigurationList section */
	};
	rootObject = 29D9DE954089D1FC00000000 /* Project object */;
}